
Microsoft Visual Studio Solution File, Format Version 12.00
# Visual Studio Version 16
VisualStudioVersion = 16.0.30114.105
MinimumVisualStudioVersion = 10.0.40219.1
Project("{FAE04EC0-301F-11D3-BF4B-00C04F79EFBC}") = "API", "API\API.csproj", "{B5BEF816-2F01-444C-88BB-E9C385A30ACF}"
EndProject
Project("{FAE04EC0-301F-11D3-BF4B-00C04F79EFBC}") = "Core", "Core\Core.csproj", "{CC0D0115-C6DF-4CB7-A1CB-F3028DD7EFC7}"
EndProject
Project("{FAE04EC0-301F-11D3-BF4B-00C04F79EFBC}") = "Infrastructure", "Infrastructure\Infrastructure.csproj", "{1471E3E3-F261-4DFD-A1A9-A2885C510545}"
EndProject
Global
	GlobalSection(SolutionConfigurationPlatforms) = preSolution
		Debug|Any CPU = Debug|Any CPU
		Debug|x64 = Debug|x64
		Debug|x86 = Debug|x86
		Release|Any CPU = Release|Any CPU
		Release|x64 = Release|x64
		Release|x86 = Release|x86
	EndGlobalSection
	GlobalSection(SolutionProperties) = preSolution
		HideSolutionNode = FALSE
	EndGlobalSection
	GlobalSection(ProjectConfigurationPlatforms) = postSolution
		{B5BEF816-2F01-444C-88BB-E9C385A30ACF}.Debug|Any CPU.ActiveCfg = Debug|Any CPU
		{B5BEF816-2F01-444C-88BB-E9C385A30ACF}.Debug|Any CPU.Build.0 = Debug|Any CPU
		{B5BEF816-2F01-444C-88BB-E9C385A30ACF}.Debug|x64.ActiveCfg = Debug|Any CPU
		{B5BEF816-2F01-444C-88BB-E9C385A30ACF}.Debug|x64.Build.0 = Debug|Any CPU
		{B5BEF816-2F01-444C-88BB-E9C385A30ACF}.Debug|x86.ActiveCfg = Debug|Any CPU
		{B5BEF816-2F01-444C-88BB-E9C385A30ACF}.Debug|x86.Build.0 = Debug|Any CPU
		{B5BEF816-2F01-444C-88BB-E9C385A30ACF}.Release|Any CPU.ActiveCfg = Release|Any CPU
		{B5BEF816-2F01-444C-88BB-E9C385A30ACF}.Release|Any CPU.Build.0 = Release|Any CPU
		{B5BEF816-2F01-444C-88BB-E9C385A30ACF}.Release|x64.ActiveCfg = Release|Any CPU
		{B5BEF816-2F01-444C-88BB-E9C385A30ACF}.Release|x64.Build.0 = Release|Any CPU
		{B5BEF816-2F01-444C-88BB-E9C385A30ACF}.Release|x86.ActiveCfg = Release|Any CPU
		{B5BEF816-2F01-444C-88BB-E9C385A30ACF}.Release|x86.Build.0 = Release|Any CPU
		{CC0D0115-C6DF-4CB7-A1CB-F3028DD7EFC7}.Debug|Any CPU.ActiveCfg = Debug|Any CPU
		{CC0D0115-C6DF-4CB7-A1CB-F3028DD7EFC7}.Debug|Any CPU.Build.0 = Debug|Any CPU
		{CC0D0115-C6DF-4CB7-A1CB-F3028DD7EFC7}.Debug|x64.ActiveCfg = Debug|Any CPU
		{CC0D0115-C6DF-4CB7-A1CB-F3028DD7EFC7}.Debug|x64.Build.0 = Debug|Any CPU
		{CC0D0115-C6DF-4CB7-A1CB-F3028DD7EFC7}.Debug|x86.ActiveCfg = Debug|Any CPU
		{CC0D0115-C6DF-4CB7-A1CB-F3028DD7EFC7}.Debug|x86.Build.0 = Debug|Any CPU
		{CC0D0115-C6DF-4CB7-A1CB-F3028DD7EFC7}.Release|Any CPU.ActiveCfg = Release|Any CPU
		{CC0D0115-C6DF-4CB7-A1CB-F3028DD7EFC7}.Release|Any CPU.Build.0 = Release|Any CPU
		{CC0D0115-C6DF-4CB7-A1CB-F3028DD7EFC7}.Release|x64.ActiveCfg = Release|Any CPU
		{CC0D0115-C6DF-4CB7-A1CB-F3028DD7EFC7}.Release|x64.Build.0 = Release|Any CPU
		{CC0D0115-C6DF-4CB7-A1CB-F3028DD7EFC7}.Release|x86.ActiveCfg = Release|Any CPU
		{CC0D0115-C6DF-4CB7-A1CB-F3028DD7EFC7}.Release|x86.Build.0 = Release|Any CPU
		{1471E3E3-F261-4DFD-A1A9-A2885C510545}.Debug|Any CPU.ActiveCfg = Debug|Any CPU
		{1471E3E3-F261-4DFD-A1A9-A2885C510545}.Debug|Any CPU.Build.0 = Debug|Any CPU
		{1471E3E3-F261-4DFD-A1A9-A2885C510545}.Debug|x64.ActiveCfg = Debug|Any CPU
		{1471E3E3-F261-4DFD-A1A9-A2885C510545}.Debug|x64.Build.0 = Debug|Any CPU
		{1471E3E3-F261-4DFD-A1A9-A2885C510545}.Debug|x86.ActiveCfg = Debug|Any CPU
		{1471E3E3-F261-4DFD-A1A9-A2885C510545}.Debug|x86.Build.0 = Debug|Any CPU
		{1471E3E3-F261-4DFD-A1A9-A2885C510545}.Release|Any CPU.ActiveCfg = Release|Any CPU
		{1471E3E3-F261-4DFD-A1A9-A2885C510545}.Release|Any CPU.Build.0 = Release|Any CPU
		{1471E3E3-F261-4DFD-A1A9-A2885C510545}.Release|x64.ActiveCfg = Release|Any CPU
		{1471E3E3-F261-4DFD-A1A9-A2885C510545}.Release|x64.Build.0 = Release|Any CPU
		{1471E3E3-F261-4DFD-A1A9-A2885C510545}.Release|x86.ActiveCfg = Release|Any CPU
		{1471E3E3-F261-4DFD-A1A9-A2885C510545}.Release|x86.Build.0 = Release|Any CPU
	EndGlobalSection
EndGlobal
